// !$*UTF8*$!
{
	archiveVersion = 1;
	classes = {
	};
	objectVersion = 77;
	objects = {

/* Begin PBXBuildFile section */
		1E3BCCD32FE2577400B40487 /* ShareExtension.appex in Embed Foundation Extensions */ = {isa = PBXBuildFile; fileRef = 1E3BCCC92FE2577300B40487 /* ShareExtension.appex */; settings = {ATTRIBUTES = (RemoveHeadersOnCopy, ); }; };
		1E3BCCEF2FE5B6A600B40487 /* GoogleSignIn in Frameworks */ = {isa = PBXBuildFile; productRef = 1E3BCCEE2FE5B6A600B40487 /* GoogleSignIn */; };
		1E3BCCF12FE5B6A600B40487 /* GoogleSignInSwift in Frameworks */ = {isa = PBXBuildFile; productRef = 1E3BCCF02FE5B6A600B40487 /* GoogleSignInSwift */; };
/* End PBXBuildFile section */

/* Begin PBXContainerItemProxy section */
		1E3BCCD12FE2577400B40487 /* PBXContainerItemProxy */ = {
			isa = PBXContainerItemProxy;
			containerPortal = 1EC0B4682FE1C4E7009EED10 /* Project object */;
			proxyType = 1;
			remoteGlobalIDString = 1E3BCCC82FE2577300B40487;
			remoteInfo = ShareExtension;
		};
		1EC0B4812FE1C4E8009EED10 /* PBXContainerItemProxy */ = {
			isa = PBXContainerItemProxy;
			containerPortal = 1EC0B4682FE1C4E7009EED10 /* Project object */;
			proxyType = 1;
			remoteGlobalIDString = 1EC0B46F2FE1C4E7009EED10;
			remoteInfo = Trove;
		};
		1EC0B48B2FE1C4E8009EED10 /* PBXContainerItemProxy */ = {
			isa = PBXContainerItemProxy;
			containerPortal = 1EC0B4682FE1C4E7009EED10 /* Project object */;
			proxyType = 1;
			remoteGlobalIDString = 1EC0B46F2FE1C4E7009EED10;
			remoteInfo = Trove;
		};
/* End PBXContainerItemProxy section */

/* Begin PBXCopyFilesBuildPhase section */
		1E3BCCD82FE2577400B40487 /* Embed Foundation Extensions */ = {
			isa = PBXCopyFilesBuildPhase;
			buildActionMask = 2147483647;
			dstPath = "";
			dstSubfolderSpec = 13;
			files = (
				1E3BCCD32FE2577400B40487 /* ShareExtension.appex in Embed Foundation Extensions */,
			);
			name = "Embed Foundation Extensions";
			runOnlyForDeploymentPostprocessing = 0;
		};
/* End PBXCopyFilesBuildPhase section */

/* Begin PBXFileReference section */
		1E3BCCC92FE2577300B40487 /* ShareExtension.appex */ = {isa = PBXFileReference; explicitFileType = "wrapper.app-extension"; includeInIndex = 0; path = ShareExtension.appex; sourceTree = BUILT_PRODUCTS_DIR; };
		1EC0B4702FE1C4E7009EED10 /* Trove.app */ = {isa = PBXFileReference; explicitFileType = wrapper.application; includeInIndex = 0; path = Trove.app; sourceTree = BUILT_PRODUCTS_DIR; };
		1EC0B4802FE1C4E8009EED10 /* TroveTests.xctest */ = {isa = PBXFileReference; explicitFileType = wrapper.cfbundle; includeInIndex = 0; path = TroveTests.xctest; sourceTree = BUILT_PRODUCTS_DIR; };
		1EC0B48A2FE1C4E8009EED10 /* TroveUITests.xctest */ = {isa = PBXFileReference; explicitFileType = wrapper.cfbundle; includeInIndex = 0; path = TroveUITests.xctest; sourceTree = BUILT_PRODUCTS_DIR; };
/* End PBXFileReference section */

/* Begin PBXFileSystemSynchronizedBuildFileExceptionSet section */
		1E3BCCD42FE2577400B40487 /* Exceptions for "ShareExtension" folder in "ShareExtension" target */ = {
			isa = PBXFileSystemSynchronizedBuildFileExceptionSet;
			membershipExceptions = (
				Info.plist,
			);
			target = 1E3BCCC82FE2577300B40487 /* ShareExtension */;
		};
		1E3BCCF32FE5B6CB00B40487 /* Exceptions for "Trove" folder in "Trove" target */ = {
			isa = PBXFileSystemSynchronizedBuildFileExceptionSet;
			membershipExceptions = (
				Info.plist,
			);
			target = 1EC0B46F2FE1C4E7009EED10 /* Trove */;
		};
/* End PBXFileSystemSynchronizedBuildFileExceptionSet section */

/* Begin PBXFileSystemSynchronizedRootGroup section */
		1E3BCCCA2FE2577300B40487 /* ShareExtension */ = {
			isa = PBXFileSystemSynchronizedRootGroup;
			exceptions = (
				1E3BCCD42FE2577400B40487 /* Exceptions for "ShareExtension" folder in "ShareExtension" target */,
			);
			path = ShareExtension;
			sourceTree = "<group>";
		};
		1EC0B4722FE1C4E7009EED10 /* Trove */ = {
			isa = PBXFileSystemSynchronizedRootGroup;
			exceptions = (
				1E3BCCF32FE5B6CB00B40487 /* Exceptions for "Trove" folder in "Trove" target */,
			);
			path = Trove;
			sourceTree = "<group>";
		};
		1EC0B4832FE1C4E8009EED10 /* TroveTests */ = {
			isa = PBXFileSystemSynchronizedRootGroup;
			path = TroveTests;
			sourceTree = "<group>";
		};
		1EC0B48D2FE1C4E8009EED10 /* TroveUITests */ = {
			isa = PBXFileSystemSynchronizedRootGroup;
			path = TroveUITests;
			sourceTree = "<group>";
		};
/* End PBXFileSystemSynchronizedRootGroup section */

/* Begin PBXFrameworksBuildPhase section */
		1E3BCCC62FE2577300B40487 /* Frameworks */ = {
			isa = PBXFrameworksBuildPhase;
			buildActionMask = 2147483647;
			files = (
			);
			runOnlyForDeploymentPostprocessing = 0;
		};
		1EC0B46D2FE1C4E7009EED10 /* Frameworks */ = {
			isa = PBXFrameworksBuildPhase;
			buildActionMask = 2147483647;
			files = (
				1E3BCCEF2FE5B6A600B40487 /* GoogleSignIn in Frameworks */,
				1E3BCCF12FE5B6A600B40487 /* GoogleSignInSwift in Frameworks */,
			);
			runOnlyForDeploymentPostprocessing = 0;
		};
		1EC0B47D2FE1C4E8009EED10 /* Frameworks */ = {
			isa = PBXFrameworksBuildPhase;
			buildActionMask = 2147483647;
			files = (
			);
			runOnlyForDeploymentPostprocessing = 0;
		};
		1EC0B4872FE1C4E8009EED10 /* Frameworks */ = {
			isa = PBXFrameworksBuildPhase;
			buildActionMask = 2147483647;
			files = (
			);
			runOnlyForDeploymentPostprocessing = 0;
		};
/* End PBXFrameworksBuildPhase section */

/* Begin PBXGroup section */
		1EC0B4672FE1C4E7009EED10 = {
			isa = PBXGroup;
			children = (
				1EC0B4722FE1C4E7009EED10 /* Trove */,
				1EC0B4832FE1C4E8009EED10 /* TroveTests */,
				1EC0B48D2FE1C4E8009EED10 /* TroveUITests */,
				1E3BCCCA2FE2577300B40487 /* ShareExtension */,
				1EC0B4712FE1C4E7009EED10 /* Products */,
			);
			sourceTree = "<group>";
		};
		1EC0B4712FE1C4E7009EED10 /* Products */ = {
			isa = PBXGroup;
			children = (
				1EC0B4702FE1C4E7009EED10 /* Trove.app */,
				1EC0B4802FE1C4E8009EED10 /* TroveTests.xctest */,
				1EC0B48A2FE1C4E8009EED10 /* TroveUITests.xctest */,
				1E3BCCC92FE2577300B40487 /* ShareExtension.appex */,
			);
			name = Products;
			sourceTree = "<group>";
		};
/* End PBXGroup section */

/* Begin PBXNativeTarget section */
		1E3BCCC82FE2577300B40487 /* ShareExtension */ = {
			isa = PBXNativeTarget;
			buildConfigurationList = 1E3BCCD52FE2577400B40487 /* Build configuration list for PBXNativeTarget "ShareExtension" */;
			buildPhases = (
				1E3BCCC52FE2577300B40487 /* Sources */,
				1E3BCCC62FE2577300B40487 /* Frameworks */,
				1E3BCCC72FE2577300B40487 /* Resources */,
			);
			buildRules = (
			);
			dependencies = (
			);
			fileSystemSynchronizedGroups = (
				1E3BCCCA2FE2577300B40487 /* ShareExtension */,
			);
			name = ShareExtension;
			packageProductDependencies = (
			);
			productName = ShareExtension;
			productReference = 1E3BCCC92FE2577300B40487 /* ShareExtension.appex */;
			productType = "com.apple.product-type.app-extension";
		};
		1EC0B46F2FE1C4E7009EED10 /* Trove */ = {
			isa = PBXNativeTarget;
			buildConfigurationList = 1EC0B4942FE1C4E9009EED10 /* Build configuration list for PBXNativeTarget "Trove" */;
			buildPhases = (
				1EC0B46C2FE1C4E7009EED10 /* Sources */,
				1EC0B46D2FE1C4E7009EED10 /* Frameworks */,
				1EC0B46E2FE1C4E7009EED10 /* Resources */,
				1E3BCCD82FE2577400B40487 /* Embed Foundation Extensions */,
			);
			buildRules = (
			);
			dependencies = (
				1E3BCCD22FE2577400B40487 /* PBXTargetDependency */,
			);
			fileSystemSynchronizedGroups = (
				1EC0B4722FE1C4E7009EED10 /* Trove */,
			);
			name = Trove;
			packageProductDependencies = (
				1E3BCCEE2FE5B6A600B40487 /* GoogleSignIn */,
				1E3BCCF02FE5B6A600B40487 /* GoogleSignInSwift */,
			);
			productName = Trove;
			productReference = 1EC0B4702FE1C4E7009EED10 /* Trove.app */;
			productType = "com.apple.product-type.application";
		};
		1EC0B47F2FE1C4E8009EED10 /* TroveTests */ = {
			isa = PBXNativeTarget;
			buildConfigurationList = 1EC0B4972FE1C4E9009EED10 /* Build configuration list for PBXNativeTarget "TroveTests" */;
			buildPhases = (
				1EC0B47C2FE1C4E8009EED10 /* Sources */,
				1EC0B47D2FE1C4E8009EED10 /* Frameworks */,
				1EC0B47E2FE1C4E8009EED10 /* Resources */,
			);
			buildRules = (
			);
			dependencies = (
				1EC0B4822FE1C4E8009EED10 /* PBXTargetDependency */,
			);
			fileSystemSynchronizedGroups = (
				1EC0B4832FE1C4E8009EED10 /* TroveTests */,
			);
			name = TroveTests;
			packageProductDependencies = (
			);
			productName = TroveTests;
			productReference = 1EC0B4802FE1C4E8009EED10 /* TroveTests.xctest */;
			productType = "com.apple.product-type.bundle.unit-test";
		};
		1EC0B4892FE1C4E8009EED10 /* TroveUITests */ = {
			isa = PBXNativeTarget;
			buildConfigurationList = 1EC0B49A2FE1C4E9009EED10 /* Build configuration list for PBXNativeTarget "TroveUITests" */;
			buildPhases = (
				1EC0B4862FE1C4E8009EED10 /* Sources */,
				1EC0B4872FE1C4E8009EED10 /* Frameworks */,
				1EC0B4882FE1C4E8009EED10 /* Resources */,
			);
			buildRules = (
			);
			dependencies = (
				1EC0B48C2FE1C4E8009EED10 /* PBXTargetDependency */,
			);
			fileSystemSynchronizedGroups = (
				1EC0B48D2FE1C4E8009EED10 /* TroveUITests */,
			);
			name = TroveUITests;
			packageProductDependencies = (
			);
			productName = TroveUITests;
			productReference = 1EC0B48A2FE1C4E8009EED10 /* TroveUITests.xctest */;
			productType = "com.apple.product-type.bundle.ui-testing";
		};
/* End PBXNativeTarget section */

/* Begin PBXProject section */
		1EC0B4682FE1C4E7009EED10 /* Project object */ = {
			isa = PBXProject;
			attributes = {
				BuildIndependentTargetsInParallel = 1;
				LastSwiftUpdateCheck = 1620;
				LastUpgradeCheck = 1620;
				TargetAttributes = {
					1E3BCCC82FE2577300B40487 = {
						CreatedOnToolsVersion = 16.2;
					};
					1EC0B46F2FE1C4E7009EED10 = {
						CreatedOnToolsVersion = 16.2;
					};
					1EC0B47F2FE1C4E8009EED10 = {
						CreatedOnToolsVersion = 16.2;
						TestTargetID = 1EC0B46F2FE1C4E7009EED10;
					};
					1EC0B4892FE1C4E8009EED10 = {
						CreatedOnToolsVersion = 16.2;
						TestTargetID = 1EC0B46F2FE1C4E7009EED10;
					};
				};
			};
			buildConfigurationList = 1EC0B46B2FE1C4E7009EED10 /* Build configuration list for PBXProject "Trove" */;
			developmentRegion = en;
			hasScannedForEncodings = 0;
			knownRegions = (
				en,
				Base,
			);
			mainGroup = 1EC0B4672FE1C4E7009EED10;
			minimizedProjectReferenceProxies = 1;
			packageReferences = (
				1E3BCCED2FE5B6A600B40487 /* XCRemoteSwiftPackageReference "GoogleSignIn-iOS" */,
			);
			preferredProjectObjectVersion = 77;
			productRefGroup = 1EC0B4712FE1C4E7009EED10 /* Products */;
			projectDirPath = "";
			projectRoot = "";
			targets = (
				1EC0B46F2FE1C4E7009EED10 /* Trove */,
				1EC0B47F2FE1C4E8009EED10 /* TroveTests */,
				1EC0B4892FE1C4E8009EED10 /* TroveUITests */,
				1E3BCCC82FE2577300B40487 /* ShareExtension */,
			);
		};
/* End PBXProject section */

/* Begin PBXResourcesBuildPhase section */
		1E3BCCC72FE2577300B40487 /* Resources */ = {
			isa = PBXResourcesBuildPhase;
			buildActionMask = 2147483647;
			files = (
			);
			runOnlyForDeploymentPostprocessing = 0;
		};
		1EC0B46E2FE1C4E7009EED10 /* Resources */ = {
			isa = PBXResourcesBuildPhase;
			buildActionMask = 2147483647;
			files = (
			);
			runOnlyForDeploymentPostprocessing = 0;
		};
		1EC0B47E2FE1C4E8009EED10 /* Resources */ = {
			isa = PBXResourcesBuildPhase;
			buildActionMask = 2147483647;
			files = (
			);
			runOnlyForDeploymentPostprocessing = 0;
		};
		1EC0B4882FE1C4E8009EED10 /* Resources */ = {
			isa = PBXResourcesBuildPhase;
			buildActionMask = 2147483647;
			files = (
			);
			runOnlyForDeploymentPostprocessing = 0;
		};
/* End PBXResourcesBuildPhase section */

/* Begin PBXSourcesBuildPhase section */
		1E3BCCC52FE2577300B40487 /* Sources */ = {
			isa = PBXSourcesBuildPhase;
			buildActionMask = 2147483647;
			files = (
			);
			runOnlyForDeploymentPostprocessing = 0;
		};
		1EC0B46C2FE1C4E7009EED10 /* Sources */ = {
			isa = PBXSourcesBuildPhase;
			buildActionMask = 2147483647;
			files = (
			);
			runOnlyForDeploymentPostprocessing = 0;
		};
		1EC0B47C2FE1C4E8009EED10 /* Sources */ = {
			isa = PBXSourcesBuildPhase;
			buildActionMask = 2147483647;
			files = (
			);
			runOnlyForDeploymentPostprocessing = 0;
		};
		1EC0B4862FE1C4E8009EED10 /* Sources */ = {
			isa = PBXSourcesBuildPhase;
			buildActionMask = 2147483647;
			files = (
			);
			runOnlyForDeploymentPostprocessing = 0;
		};
/* End PBXSourcesBuildPhase section */

/* Begin PBXTargetDependency section */
		1E3BCCD22FE2577400B40487 /* PBXTargetDependency */ = {
			isa = PBXTargetDependency;
			target = 1E3BCCC82FE2577300B40487 /* ShareExtension */;
			targetProxy = 1E3BCCD12FE2577400B40487 /* PBXContainerItemProxy */;
		};
		1EC0B4822FE1C4E8009EED10 /* PBXTargetDependency */ = {
			isa = PBXTargetDependency;
			target = 1EC0B46F2FE1C4E7009EED10 /* Trove */;
			targetProxy = 1EC0B4812FE1C4E8009EED10 /* PBXContainerItemProxy */;
		};
		1EC0B48C2FE1C4E8009EED10 /* PBXTargetDependency */ = {
			isa = PBXTargetDependency;
			target = 1EC0B46F2FE1C4E7009EED10 /* Trove */;
			targetProxy = 1EC0B48B2FE1C4E8009EED10 /* PBXContainerItemProxy */;
		};
/* End PBXTargetDependency section */

/* Begin XCBuildConfiguration section */
		1E3BCCD62FE2577400B40487 /* Debug */ = {
			isa = XCBuildConfiguration;
			buildSettings = {
				CODE_SIGN_ENTITLEMENTS = ShareExtension/ShareExtension.entitlements;
				CODE_SIGN_STYLE = Automatic;
				CURRENT_PROJECT_VERSION = 6;
				DEVELOPMENT_TEAM = 9RW37V5B2T;
				GENERATE_INFOPLIST_FILE = YES;
				INFOPLIST_FILE = ShareExtension/Info.plist;
				INFOPLIST_KEY_CFBundleDisplayName = ShareExtension;
				INFOPLIST_KEY_NSHumanReadableCopyright = "";
				IPHONEOS_DEPLOYMENT_TARGET = 18.0;
				LD_RUNPATH_SEARCH_PATHS = (
					"$(inherited)",
					"@executable_path/Frameworks",
					"@executable_path/../../Frameworks",
				);
				MARKETING_VERSION = 1.0;
				PRODUCT_BUNDLE_IDENTIFIER = ai.trovestore.Trove.ShareExtension;
				PRODUCT_NAME = "$(TARGET_NAME)";
				SKIP_INSTALL = YES;
				SWIFT_EMIT_LOC_STRINGS = YES;
				SWIFT_VERSION = 5.0;
				TARGETED_DEVICE_FAMILY = "1,2";
			};
			name = Debug;
		};
		1E3BCCD72FE2577400B40487 /* Release */ = {
			isa = XCBuildConfiguration;
			buildSettings = {
				CODE_SIGN_ENTITLEMENTS = ShareExtension/ShareExtension.entitlements;
				CODE_SIGN_STYLE = Automatic;
				CURRENT_PROJECT_VERSION = 6;
				DEVELOPMENT_TEAM = 9RW37V5B2T;
				GENERATE_INFOPLIST_FILE = YES;
				INFOPLIST_FILE = ShareExtension/Info.plist;
				INFOPLIST_KEY_CFBundleDisplayName = ShareExtension;
				INFOPLIST_KEY_NSHumanReadableCopyright = "";
				IPHONEOS_DEPLOYMENT_TARGET = 18.0;
				LD_RUNPATH_SEARCH_PATHS = (
					"$(inherited)",
					"@executable_path/Frameworks",
					"@executable_path/../../Frameworks",
				);
				MARKETING_VERSION = 1.0;
				PRODUCT_BUNDLE_IDENTIFIER = ai.trovestore.Trove.ShareExtension;
				PRODUCT_NAME = "$(TARGET_NAME)";
				SKIP_INSTALL = YES;
				SWIFT_EMIT_LOC_STRINGS = YES;
				SWIFT_VERSION = 5.0;
				TARGETED_DEVICE_FAMILY = "1,2";
			};
			name = Release;
		};
		1EC0B4922FE1C4E9009EED10 /* Debug */ = {
			isa = XCBuildConfiguration;
			buildSettings = {
				ALWAYS_SEARCH_USER_PATHS = NO;
				ASSETCATALOG_COMPILER_GENERATE_SWIFT_ASSET_SYMBOL_EXTENSIONS = YES;
				CLANG_ANALYZER_NONNULL = YES;
				CLANG_ANALYZER_NUMBER_OBJECT_CONVERSION = YES_AGGRESSIVE;
				CLANG_CXX_LANGUAGE_STANDARD = "gnu++20";
				CLANG_ENABLE_MODULES = YES;
				CLANG_ENABLE_OBJC_ARC = YES;
				CLANG_ENABLE_OBJC_WEAK = YES;
				CLANG_WARN_BLOCK_CAPTURE_AUTORELEASING = YES;
				CLANG_WARN_BOOL_CONVERSION = YES;
				CLANG_WARN_COMMA = YES;
				CLANG_WARN_CONSTANT_CONVERSION = YES;
				CLANG_WARN_DEPRECATED_OBJC_IMPLEMENTATIONS = YES;
				CLANG_WARN_DIRECT_OBJC_ISA_USAGE = YES_ERROR;
				CLANG_WARN_DOCUMENTATION_COMMENTS = YES;
				CLANG_WARN_EMPTY_BODY = YES;
				CLANG_WARN_ENUM_CONVERSION = YES;
				CLANG_WARN_INFINITE_RECURSION = YES;
				CLANG_WARN_INT_CONVERSION = YES;
				CLANG_WARN_NON_LITERAL_NULL_CONVERSION = YES;
				CLANG_WARN_OBJC_IMPLICIT_RETAIN_SELF = YES;
				CLANG_WARN_OBJC_LITERAL_CONVERSION = YES;
				CLANG_WARN_OBJC_ROOT_CLASS = YES_ERROR;
				CLANG_WARN_QUOTED_INCLUDE_IN_FRAMEWORK_HEADER = YES;
				CLANG_WARN_RANGE_LOOP_ANALYSIS = YES;
				CLANG_WARN_STRICT_PROTOTYPES = YES;
				CLANG_WARN_SUSPICIOUS_MOVE = YES;
				CLANG_WARN_UNGUARDED_AVAILABILITY = YES_AGGRESSIVE;
				CLANG_WARN_UNREACHABLE_CODE = YES;
				CLANG_WARN__DUPLICATE_METHOD_MATCH = YES;
				COPY_PHASE_STRIP = NO;
				DEBUG_INFORMATION_FORMAT = dwarf;
				ENABLE_STRICT_OBJC_MSGSEND = YES;
				ENABLE_TESTABILITY = YES;
				ENABLE_USER_SCRIPT_SANDBOXING = YES;
				GCC_C_LANGUAGE_STANDARD = gnu17;
				GCC_DYNAMIC_NO_PIC = NO;
				GCC_NO_COMMON_BLOCKS = YES;
				GCC_OPTIMIZATION_LEVEL = 0;
				GCC_PREPROCESSOR_DEFINITIONS = (
					"DEBUG=1",
					"$(inherited)",
				);
				GCC_WARN_64_TO_32_BIT_CONVERSION = YES;
				GCC_WARN_ABOUT_RETURN_TYPE = YES_ERROR;
				GCC_WARN_UNDECLARED_SELECTOR = YES;
				GCC_WARN_UNINITIALIZED_AUTOS = YES_AGGRESSIVE;
				GCC_WARN_UNUSED_FUNCTION = YES;
				GCC_WARN_UNUSED_VARIABLE = YES;
				IPHONEOS_DEPLOYMENT_TARGET = 18.2;
				LOCALIZATION_PREFERS_STRING_CATALOGS = YES;
				MTL_ENABLE_DEBUG_INFO = INCLUDE_SOURCE;
				MTL_FAST_MATH = YES;
				ONLY_ACTIVE_ARCH = YES;
				SDKROOT = iphoneos;
				SWIFT_ACTIVE_COMPILATION_CONDITIONS = "DEBUG $(inherited)";
				SWIFT_OPTIMIZATION_LEVEL = "-Onone";
			};
			name = Debug;
		};
		1EC0B4932FE1C4E9009EED10 /* Release */ = {
			isa = XCBuildConfiguration;
			buildSettings = {
				ALWAYS_SEARCH_USER_PATHS = NO;
				ASSETCATALOG_COMPILER_GENERATE_SWIFT_ASSET_SYMBOL_EXTENSIONS = YES;
				CLANG_ANALYZER_NONNULL = YES;
				CLANG_ANALYZER_NUMBER_OBJECT_CONVERSION = YES_AGGRESSIVE;
				CLANG_CXX_LANGUAGE_STANDARD = "gnu++20";
				CLANG_ENABLE_MODULES = YES;
				CLANG_ENABLE_OBJC_ARC = YES;
				CLANG_ENABLE_OBJC_WEAK = YES;
				CLANG_WARN_BLOCK_CAPTURE_AUTORELEASING = YES;
				CLANG_WARN_BOOL_CONVERSION = YES;
				CLANG_WARN_COMMA = YES;
				CLANG_WARN_CONSTANT_CONVERSION = YES;
				CLANG_WARN_DEPRECATED_OBJC_IMPLEMENTATIONS = YES;
				CLANG_WARN_DIRECT_OBJC_ISA_USAGE = YES_ERROR;
				CLANG_WARN_DOCUMENTATION_COMMENTS = YES;
				CLANG_WARN_EMPTY_BODY = YES;
				CLANG_WARN_ENUM_CONVERSION = YES;
				CLANG_WARN_INFINITE_RECURSION = YES;
				CLANG_WARN_INT_CONVERSION = YES;
				CLANG_WARN_NON_LITERAL_NULL_CONVERSION = YES;
				CLANG_WARN_OBJC_IMPLICIT_RETAIN_SELF = YES;
				CLANG_WARN_OBJC_LITERAL_CONVERSION = YES;
				CLANG_WARN_OBJC_ROOT_CLASS = YES_ERROR;
				CLANG_WARN_QUOTED_INCLUDE_IN_FRAMEWORK_HEADER = YES;
				CLANG_WARN_RANGE_LOOP_ANALYSIS = YES;
				CLANG_WARN_STRICT_PROTOTYPES = YES;
				CLANG_WARN_SUSPICIOUS_MOVE = YES;
				CLANG_WARN_UNGUARDED_AVAILABILITY = YES_AGGRESSIVE;
				CLANG_WARN_UNREACHABLE_CODE = YES;
				CLANG_WARN__DUPLICATE_METHOD_MATCH = YES;
				COPY_PHASE_STRIP = NO;
				DEBUG_INFORMATION_FORMAT = "dwarf-with-dsym";
				ENABLE_NS_ASSERTIONS = NO;
				ENABLE_STRICT_OBJC_MSGSEND = YES;
				ENABLE_USER_SCRIPT_SANDBOXING = YES;
				GCC_C_LANGUAGE_STANDARD = gnu17;
				GCC_NO_COMMON_BLOCKS = YES;
				GCC_WARN_64_TO_32_BIT_CONVERSION = YES;
				GCC_WARN_ABOUT_RETURN_TYPE = YES_ERROR;
				GCC_WARN_UNDECLARED_SELECTOR = YES;
				GCC_WARN_UNINITIALIZED_AUTOS = YES_AGGRESSIVE;
				GCC_WARN_UNUSED_FUNCTION = YES;
				GCC_WARN_UNUSED_VARIABLE = YES;
				IPHONEOS_DEPLOYMENT_TARGET = 18.2;
				LOCALIZATION_PREFERS_STRING_CATALOGS = YES;
				MTL_ENABLE_DEBUG_INFO = NO;
				MTL_FAST_MATH = YES;
				SDKROOT = iphoneos;
				SWIFT_COMPILATION_MODE = wholemodule;
				VALIDATE_PRODUCT = YES;
			};
			name = Release;
		};
		1EC0B4952FE1C4E9009EED10 /* Debug */ = {
			isa = XCBuildConfiguration;
			buildSettings = {
				ASSETCATALOG_COMPILER_APPICON_NAME = AppIcon;
				ASSETCATALOG_COMPILER_GLOBAL_ACCENT_COLOR_NAME = AccentColor;
				CODE_SIGN_ENTITLEMENTS = Trove/Trove.entitlements;
				CODE_SIGN_STYLE = Automatic;
				CURRENT_PROJECT_VERSION = 6;
				DEVELOPMENT_ASSET_PATHS = "\"Trove/Preview Content\"";
				DEVELOPMENT_TEAM = 9RW37V5B2T;
				ENABLE_PREVIEWS = YES;
				GENERATE_INFOPLIST_FILE = YES;
				INFOPLIST_FILE = Trove/Info.plist;
				INFOPLIST_KEY_NSCalendarsUsageDescription = "Trove reads who you meet with to notice when someone you care about goes quiet, so it can gently remind you to reach out. Your calendar stays private to your account.";
				INFOPLIST_KEY_NSContactsUsageDescription = "Trove uses your contacts to put names to the people you meet with and to remember their birthdays. It never adds your whole address book to your library.";
				INFOPLIST_KEY_UIApplicationSceneManifest_Generation = YES;
				INFOPLIST_KEY_UIApplicationSupportsIndirectInputEvents = YES;
				INFOPLIST_KEY_UILaunchScreen_Generation = YES;
				INFOPLIST_KEY_UISupportedInterfaceOrientations = UIInterfaceOrientationPortrait;
				IPHONEOS_DEPLOYMENT_TARGET = 18;
				LD_RUNPATH_SEARCH_PATHS = (
					"$(inherited)",
					"@executable_path/Frameworks",
				);
				MARKETING_VERSION = 1.0;
				PRODUCT_BUNDLE_IDENTIFIER = ai.trovestore.Trove;
				PRODUCT_NAME = "$(TARGET_NAME)";
				SUPPORTED_PLATFORMS = "iphoneos iphonesimulator";
				SUPPORTS_MACCATALYST = NO;
				SWIFT_EMIT_LOC_STRINGS = YES;
				SWIFT_VERSION = 5.0;
				TARGETED_DEVICE_FAMILY = 1;
			};
			name = Debug;
		};
		1EC0B4962FE1C4E9009EED10 /* Release */ = {
			isa = XCBuildConfiguration;
			buildSettings = {
				ASSETCATALOG_COMPILER_APPICON_NAME = AppIcon;
				ASSETCATALOG_COMPILER_GLOBAL_ACCENT_COLOR_NAME = AccentColor;
				CODE_SIGN_ENTITLEMENTS = Trove/Trove.entitlements;
				CODE_SIGN_STYLE = Automatic;
				CURRENT_PROJECT_VERSION = 6;
				DEVELOPMENT_ASSET_PATHS = "\"Trove/Preview Content\"";
				DEVELOPMENT_TEAM = 9RW37V5B2T;
				ENABLE_PREVIEWS = YES;
				GENERATE_INFOPLIST_FILE = YES;
				INFOPLIST_FILE = Trove/Info.plist;
				INFOPLIST_KEY_NSCalendarsUsageDescription = "Trove reads who you meet with to notice when someone you care about goes quiet, so it can gently remind you to reach out. Your calendar stays private to your account.";
				INFOPLIST_KEY_NSContactsUsageDescription = "Trove uses your contacts to put names to the people you meet with and to remember their birthdays. It never adds your whole address book to your library.";
				INFOPLIST_KEY_UIApplicationSceneManifest_Generation = YES;
				INFOPLIST_KEY_UIApplicationSupportsIndirectInputEvents = YES;
				INFOPLIST_KEY_UILaunchScreen_Generation = YES;
				INFOPLIST_KEY_UISupportedInterfaceOrientations = UIInterfaceOrientationPortrait;
				IPHONEOS_DEPLOYMENT_TARGET = 18;
				LD_RUNPATH_SEARCH_PATHS = (
					"$(inherited)",
					"@executable_path/Frameworks",
				);
				MARKETING_VERSION = 1.0;
				PRODUCT_BUNDLE_IDENTIFIER = ai.trovestore.Trove;
				PRODUCT_NAME = "$(TARGET_NAME)";
				SUPPORTED_PLATFORMS = "iphoneos iphonesimulator";
				SUPPORTS_MACCATALYST = NO;
				SWIFT_EMIT_LOC_STRINGS = YES;
				SWIFT_VERSION = 5.0;
				TARGETED_DEVICE_FAMILY = 1;
			};
			name = Release;
		};
		1EC0B4982FE1C4E9009EED10 /* Debug */ = {
			isa = XCBuildConfiguration;
			buildSettings = {
				BUNDLE_LOADER = "$(TEST_HOST)";
				CODE_SIGN_STYLE = Automatic;
				CURRENT_PROJECT_VERSION = 1;
				DEVELOPMENT_TEAM = 9RW37V5B2T;
				GENERATE_INFOPLIST_FILE = YES;
				IPHONEOS_DEPLOYMENT_TARGET = 18.2;
				MARKETING_VERSION = 1.0;
				PRODUCT_BUNDLE_IDENTIFIER = ai.trovestore.TroveTests;
				PRODUCT_NAME = "$(TARGET_NAME)";
				SWIFT_EMIT_LOC_STRINGS = NO;
				SWIFT_VERSION = 5.0;
				TARGETED_DEVICE_FAMILY = "1,2";
				TEST_HOST = "$(BUILT_PRODUCTS_DIR)/Trove.app/$(BUNDLE_EXECUTABLE_FOLDER_PATH)/Trove";
			};
			name = Debug;
		};
		1EC0B4992FE1C4E9009EED10 /* Release */ = {
			isa = XCBuildConfiguration;
			buildSettings = {
				BUNDLE_LOADER = "$(TEST_HOST)";
				CODE_SIGN_STYLE = Automatic;
				CURRENT_PROJECT_VERSION = 1;
				DEVELOPMENT_TEAM = 9RW37V5B2T;
				GENERATE_INFOPLIST_FILE = YES;
				IPHONEOS_DEPLOYMENT_TARGET = 18.2;
				MARKETING_VERSION = 1.0;
				PRODUCT_BUNDLE_IDENTIFIER = ai.trovestore.TroveTests;
				PRODUCT_NAME = "$(TARGET_NAME)";
				SWIFT_EMIT_LOC_STRINGS = NO;
				SWIFT_VERSION = 5.0;
				TARGETED_DEVICE_FAMILY = "1,2";
				TEST_HOST = "$(BUILT_PRODUCTS_DIR)/Trove.app/$(BUNDLE_EXECUTABLE_FOLDER_PATH)/Trove";
			};
			name = Release;
		};
		1EC0B49B2FE1C4E9009EED10 /* Debug */ = {
			isa = XCBuildConfiguration;
			buildSettings = {
				CODE_SIGN_STYLE = Automatic;
				CURRENT_PROJECT_VERSION = 1;
				DEVELOPMENT_TEAM = 9RW37V5B2T;
				GENERATE_INFOPLIST_FILE = YES;
				MARKETING_VERSION = 1.0;
				PRODUCT_BUNDLE_IDENTIFIER = ai.trovestore.TroveUITests;
				PRODUCT_NAME = "$(TARGET_NAME)";
				SWIFT_EMIT_LOC_STRINGS = NO;
				SWIFT_VERSION = 5.0;
				TARGETED_DEVICE_FAMILY = "1,2";
				TEST_TARGET_NAME = Trove;
			};
			name = Debug;
		};
		1EC0B49C2FE1C4E9009EED10 /* Release */ = {
			isa = XCBuildConfiguration;
			buildSettings = {
				CODE_SIGN_STYLE = Automatic;
				CURRENT_PROJECT_VERSION = 1;
				DEVELOPMENT_TEAM = 9RW37V5B2T;
				GENERATE_INFOPLIST_FILE = YES;
				MARKETING_VERSION = 1.0;
				PRODUCT_BUNDLE_IDENTIFIER = ai.trovestore.TroveUITests;
				PRODUCT_NAME = "$(TARGET_NAME)";
				SWIFT_EMIT_LOC_STRINGS = NO;
				SWIFT_VERSION = 5.0;
				TARGETED_DEVICE_FAMILY = "1,2";
				TEST_TARGET_NAME = Trove;
			};
			name = Release;
		};
/* End XCBuildConfiguration section */

/* Begin XCConfigurationList section */
		1E3BCCD52FE2577400B40487 /* Build configuration list for PBXNativeTarget "ShareExtension" */ = {
			isa = XCConfigurationList;
			buildConfigurations = (
				1E3BCCD62FE2577400B40487 /* Debug */,
				1E3BCCD72FE2577400B40487 /* Release */,
			);
			defaultConfigurationIsVisible = 0;
			defaultConfigurationName = Release;
		};
		1EC0B46B2FE1C4E7009EED10 /* Build configuration list for PBXProject "Trove" */ = {
			isa = XCConfigurationList;
			buildConfigurations = (
				1EC0B4922FE1C4E9009EED10 /* Debug */,
				1EC0B4932FE1C4E9009EED10 /* Release */,
			);
			defaultConfigurationIsVisible = 0;
			defaultConfigurationName = Release;
		};
		1EC0B4942FE1C4E9009EED10 /* Build configuration list for PBXNativeTarget "Trove" */ = {
			isa = XCConfigurationList;
			buildConfigurations = (
				1EC0B4952FE1C4E9009EED10 /* Debug */,
				1EC0B4962FE1C4E9009EED10 /* Release */,
			);
			defaultConfigurationIsVisible = 0;
			defaultConfigurationName = Release;
		};
		1EC0B4972FE1C4E9009EED10 /* Build configuration list for PBXNativeTarget "TroveTests" */ = {
			isa = XCConfigurationList;
			buildConfigurations = (
				1EC0B4982FE1C4E9009EED10 /* Debug */,
				1EC0B4992FE1C4E9009EED10 /* Release */,
			);
			defaultConfigurationIsVisible = 0;
			defaultConfigurationName = Release;
		};
		1EC0B49A2FE1C4E9009EED10 /* Build configuration list for PBXNativeTarget "TroveUITests" */ = {
			isa = XCConfigurationList;
			buildConfigurations = (
				1EC0B49B2FE1C4E9009EED10 /* Debug */,
				1EC0B49C2FE1C4E9009EED10 /* Release */,
			);
			defaultConfigurationIsVisible = 0;
			defaultConfigurationName = Release;
		};
/* End XCConfigurationList section */

/* Begin XCRemoteSwiftPackageReference section */
		1E3BCCED2FE5B6A600B40487 /* XCRemoteSwiftPackageReference "GoogleSignIn-iOS" */ = {
			isa = XCRemoteSwiftPackageReference;
			repositoryURL = "https://github.com/google/GoogleSignIn-iOS";
			requirement = {
				kind = upToNextMajorVersion;
				minimumVersion = 9.2.0;
			};
		};
/* End XCRemoteSwiftPackageReference section */

/* Begin XCSwiftPackageProductDependency section */
		1E3BCCEE2FE5B6A600B40487 /* GoogleSignIn */ = {
			isa = XCSwiftPackageProductDependency;
			package = 1E3BCCED2FE5B6A600B40487 /* XCRemoteSwiftPackageReference "GoogleSignIn-iOS" */;
			productName = GoogleSignIn;
		};
		1E3BCCF02FE5B6A600B40487 /* GoogleSignInSwift */ = {
			isa = XCSwiftPackageProductDependency;
			package = 1E3BCCED2FE5B6A600B40487 /* XCRemoteSwiftPackageReference "GoogleSignIn-iOS" */;
			productName = GoogleSignInSwift;
		};
/* End XCSwiftPackageProductDependency section */
	};
	rootObject = 1EC0B4682FE1C4E7009EED10 /* Project object */;
}
